# This file is automatically @generated by Cargo.
# It is not intended for manual editing.
version = 3

# NOTE(www-agent): This lockfile pins exact dependency versions for reproducibility.
# Run `cargo update --locked` to verify, and `cargo audit` for security checks.
# The lockfile should be committed to version control for infrastructure-grade tooling.
